
Microsoft Visual Studio Solution File, Format Version 12.00
# Visual Studio Version 17
VisualStudioVersion = 17.5.002.0
MinimumVisualStudioVersion = 10.0.40219.1
Project("{9A19103F-16F7-4668-BE54-9A1E7A4F7556}") = "DataStructure", "DataStructure.csproj", "{0F4FD6AF-32DC-465D-96CF-7037FA81D054}"
EndProject
Global
	GlobalSection(SolutionConfigurationPlatforms) = preSolution
		Debug|Any CPU = Debug|Any CPU
		Release|Any CPU = Release|Any CPU
	EndGlobalSection
	GlobalSection(ProjectConfigurationPlatforms) = postSolution
		{0F4FD6AF-32DC-465D-96CF-7037FA81D054}.Debug|Any CPU.ActiveCfg = Debug|Any CPU
		{0F4FD6AF-32DC-465D-96CF-7037FA81D054}.Debug|Any CPU.Build.0 = Debug|Any CPU
		{0F4FD6AF-32DC-465D-96CF-7037FA81D054}.Release|Any CPU.ActiveCfg = Release|Any CPU
		{0F4FD6AF-32DC-465D-96CF-7037FA81D054}.Release|Any CPU.Build.0 = Release|Any CPU
	EndGlobalSection
	GlobalSection(SolutionProperties) = preSolution
		HideSolutionNode = FALSE
	EndGlobalSection
	GlobalSection(ExtensibilityGlobals) = postSolution
		SolutionGuid = {801E4332-C5CD-4F64-BA45-567BA8A6E888}
	EndGlobalSection
EndGlobal
